
Microsoft Visual Studio Solution File, Format Version 12.00
# Visual Studio Version 17
VisualStudioVersion = 17.7.34024.191
MinimumVisualStudioVersion = 10.0.40219.1
Project("{FAE04EC0-301F-11D3-BF4B-00C04F79EFBC}") = "RabbitReceiver", "RabbitReceiver.csproj", "{83124017-AFC5-428F-ABE1-2B758829E13D}"
EndProject
Global
	GlobalSection(SolutionConfigurationPlatforms) = preSolution
		Debug|Any CPU = Debug|Any CPU
		Release|Any CPU = Release|Any CPU
	EndGlobalSection
	GlobalSection(ProjectConfigurationPlatforms) = postSolution
		{83124017-AFC5-428F-ABE1-2B758829E13D}.Debug|Any CPU.ActiveCfg = Debug|Any CPU
		{83124017-AFC5-428F-ABE1-2B758829E13D}.Debug|Any CPU.Build.0 = Debug|Any CPU
		{83124017-AFC5-428F-ABE1-2B758829E13D}.Release|Any CPU.ActiveCfg = Release|Any CPU
		{83124017-AFC5-428F-ABE1-2B758829E13D}.Release|Any CPU.Build.0 = Release|Any CPU
	EndGlobalSection
	GlobalSection(SolutionProperties) = preSolution
		HideSolutionNode = FALSE
	EndGlobalSection
	GlobalSection(ExtensibilityGlobals) = postSolution
		SolutionGuid = {C6CFEC81-3EC9-4BFD-9FA2-A89C1DDA4EC8}
	EndGlobalSection
EndGlobal
